<?xml version="1.0" encoding="utf-8"?>
<Project ToolsVersion="4.0" xmlns="http://schemas.microsoft.com/developer/msbuild/2003">
  <ItemGroup>
    <Filter Include="Implementation">
      <UniqueIdentifier>{aceab27f-d653-4abd-8c0a-7232843b6dc3}</UniqueIdentifier>
    </Filter>
    <Filter Include="Interface">
      <UniqueIdentifier>{defefcfa-47f2-4cf5-9be9-79c759d06bc6}</UniqueIdentifier>
    </Filter>
    <Filter Include="Dependencies">
      <UniqueIdentifier>{cac4bebb-a900-4ca6-b71d-f150975b2a9a}</UniqueIdentifier>
    </Filter>
  </ItemGroup>
  <ItemGroup>
    <ClCompile Include="..\dependencies\SDL_sound\SDL_sound.c">
      <Filter>Dependencies</Filter>
    </ClCompile>
    <ClCompile Include="..\dependencies\SDL_sound\SDL_sound_aiff.c">
      <Filter>Dependencies</Filter>
    </ClCompile>
    <ClCompile Include="..\dependencies\SDL_sound\SDL_sound_au.c">
      <Filter>Dependencies</Filter>
    </ClCompile>
    <ClCompile Include="..\dependencies\SDL_sound\SDL_sound_coreaudio.c">
      <Filter>Dependencies</Filter>
    </ClCompile>
    <ClCompile Include="..\dependencies\SDL_sound\SDL_sound_flac.c">
      <Filter>Dependencies</Filter>
    </ClCompile>
    <ClCompile Include="..\dependencies\SDL_sound\SDL_sound_modplug.c">
      <Filter>Dependencies</Filter>
    </ClCompile>
    <ClCompile Include="..\dependencies\SDL_sound\SDL_sound_mp3.c">
      <Filter>Dependencies</Filter>
    </ClCompile>
    <ClCompile Include="..\dependencies\SDL_sound\SDL_sound_raw.c">
      <Filter>Dependencies</Filter>
    </ClCompile>
    <ClCompile Include="..\dependencies\SDL_sound\SDL_sound_shn.c">
      <Filter>Dependencies</Filter>
    </ClCompile>
    <ClCompile Include="..\dependencies\SDL_sound\SDL_sound_voc.c">
      <Filter>Dependencies</Filter>
    </ClCompile>
    <ClCompile Include="..\dependencies\SDL_sound\SDL_sound_vorbis.c">
      <Filter>Dependencies</Filter>
    </ClCompile>
    <ClCompile Include="..\dependencies\SDL_sound\SDL_sound_wav.c">
      <Filter>Dependencies</Filter>
    </ClCompile>
    <ClCompile Include="..\dependencies\SDL_sound\libmodplug\fastmix.c">
      <Filter>Dependencies</Filter>
    </ClCompile>
    <ClCompile Include="..\dependencies\SDL_sound\libmodplug\load_669.c">
      <Filter>Dependencies</Filter>
    </ClCompile>
    <ClCompile Include="..\dependencies\SDL_sound\libmodplug\load_amf.c">
      <Filter>Dependencies</Filter>
    </ClCompile>
    <ClCompile Include="..\dependencies\SDL_sound\libmodplug\load_ams.c">
      <Filter>Dependencies</Filter>
    </ClCompile>
    <ClCompile Include="..\dependencies\SDL_sound\libmodplug\load_dbm.c">
      <Filter>Dependencies</Filter>
    </ClCompile>
    <ClCompile Include="..\dependencies\SDL_sound\libmodplug\load_dmf.c">
      <Filter>Dependencies</Filter>
    </ClCompile>
    <ClCompile Include="..\dependencies\SDL_sound\libmodplug\load_dsm.c">
      <Filter>Dependencies</Filter>
    </ClCompile>
    <ClCompile Include="..\dependencies\SDL_sound\libmodplug\load_far.c">
      <Filter>Dependencies</Filter>
    </ClCompile>
    <ClCompile Include="..\dependencies\SDL_sound\libmodplug\load_gdm.c">
      <Filter>Dependencies</Filter>
    </ClCompile>
    <ClCompile Include="..\dependencies\SDL_sound\libmodplug\load_it.c">
      <Filter>Dependencies</Filter>
    </ClCompile>
    <ClCompile Include="..\dependencies\SDL_sound\libmodplug\load_mdl.c">
      <Filter>Dependencies</Filter>
    </ClCompile>
    <ClCompile Include="..\dependencies\SDL_sound\libmodplug\load_med.c">
      <Filter>Dependencies</Filter>
    </ClCompile>
    <ClCompile Include="..\dependencies\SDL_sound\libmodplug\load_mod.c">
      <Filter>Dependencies</Filter>
    </ClCompile>
    <ClCompile Include="..\dependencies\SDL_sound\libmodplug\load_mt2.c">
      <Filter>Dependencies</Filter>
    </ClCompile>
    <ClCompile Include="..\dependencies\SDL_sound\libmodplug\load_mtm.c">
      <Filter>Dependencies</Filter>
    </ClCompile>
    <ClCompile Include="..\dependencies\SDL_sound\libmodplug\load_okt.c">
      <Filter>Dependencies</Filter>
    </ClCompile>
    <ClCompile Include="..\dependencies\SDL_sound\libmodplug\load_psm.c">
      <Filter>Dependencies</Filter>
    </ClCompile>
    <ClCompile Include="..\dependencies\SDL_sound\libmodplug\load_ptm.c">
      <Filter>Dependencies</Filter>
    </ClCompile>
    <ClCompile Include="..\dependencies\SDL_sound\libmodplug\load_s3m.c">
      <Filter>Dependencies</Filter>
    </ClCompile>
    <ClCompile Include="..\dependencies\SDL_sound\libmodplug\load_stm.c">
      <Filter>Dependencies</Filter>
    </ClCompile>
    <ClCompile Include="..\dependencies\SDL_sound\libmodplug\load_ult.c">
      <Filter>Dependencies</Filter>
    </ClCompile>
    <ClCompile Include="..\dependencies\SDL_sound\libmodplug\load_umx.c">
      <Filter>Dependencies</Filter>
    </ClCompile>
    <ClCompile Include="..\dependencies\SDL_sound\libmodplug\load_xm.c">
      <Filter>Dependencies</Filter>
    </ClCompile>
    <ClCompile Include="..\dependencies\SDL_sound\libmodplug\mmcmp.c">
      <Filter>Dependencies</Filter>
    </ClCompile>
    <ClCompile Include="..\dependencies\SDL_sound\libmodplug\modplug.c">
      <Filter>Dependencies</Filter>
    </ClCompile>
    <ClCompile Include="..\dependencies\SDL_sound\libmodplug\snd_dsp.c">
      <Filter>Dependencies</Filter>
    </ClCompile>
    <ClCompile Include="..\dependencies\SDL_sound\libmodplug\snd_flt.c">
      <Filter>Dependencies</Filter>
    </ClCompile>
    <ClCompile Include="..\dependencies\SDL_sound\libmodplug\snd_fx.c">
      <Filter>Dependencies</Filter>
    </ClCompile>
    <ClCompile Include="..\dependencies\SDL_sound\libmodplug\sndfile.c">
      <Filter>Dependencies</Filter>
    </ClCompile>
    <ClCompile Include="..\dependencies\SDL_sound\libmodplug\sndmix.c">
      <Filter>Dependencies</Filter>
    </ClCompile>
    <ClCompile Include="..\dependencies\mojoAL\mojoal.c">
      <Filter>Dependencies</Filter>
    </ClCompile>
    <ClCompile Include="..\dependencies\utf8proc\utf8proc.c">
      <Filter>Dependencies</Filter>
    </ClCompile>
    <ClCompile Include="..\src\Audio.cpp">
      <Filter>Implementation</Filter>
    </ClCompile>
    <ClCompile Include="..\src\AudioFileAudioToolbox.cpp">
      <Filter>Implementation</Filter>
    </ClCompile>
    <ClCompile Include="..\src\AudioFileSDLSound.cpp">
      <Filter>Implementation</Filter>
    </ClCompile>
    <ClCompile Include="..\src\AudioImpl.cpp">
      <Filter>Implementation</Filter>
    </ClCompile>
    <ClCompile Include="..\src\Bitmap.cpp">
      <Filter>Implementation</Filter>
    </ClCompile>
    <ClCompile Include="..\src\BitmapIO.cpp">
      <Filter>Implementation</Filter>
    </ClCompile>
    <ClCompile Include="..\src\BlockAllocator.cpp">
      <Filter>Implementation</Filter>
    </ClCompile>
    <ClCompile Include="..\src\Buffer.cpp">
      <Filter>Implementation</Filter>
    </ClCompile>
    <ClCompile Include="..\src\Channel.cpp">
      <Filter>Implementation</Filter>
    </ClCompile>
    <ClCompile Include="..\src\Color.cpp">
      <Filter>Implementation</Filter>
    </ClCompile>
    <ClCompile Include="..\src\DirectoriesApple.cpp">
      <Filter>Implementation</Filter>
    </ClCompile>
    <ClCompile Include="..\src\DirectoriesUnix.cpp">
      <Filter>Implementation</Filter>
    </ClCompile>
    <ClCompile Include="..\src\DirectoriesWin.cpp">
      <Filter>Implementation</Filter>
    </ClCompile>
    <ClCompile Include="..\src\Font.cpp">
      <Filter>Implementation</Filter>
    </ClCompile>
    <ClCompile Include="..\src\GosuGLView.cpp">
      <Filter>Implementation</Filter>
    </ClCompile>
    <ClCompile Include="..\src\GosuViewController.cpp">
      <Filter>Implementation</Filter>
    </ClCompile>
    <ClCompile Include="..\src\Graphics.cpp">
      <Filter>Implementation</Filter>
    </ClCompile>
    <ClCompile Include="..\src\Image.cpp">
      <Filter>Implementation</Filter>
    </ClCompile>
    <ClCompile Include="..\src\Input.cpp">
      <Filter>Implementation</Filter>
    </ClCompile>
    <ClCompile Include="..\src\InputUIKit.cpp">
      <Filter>Implementation</Filter>
    </ClCompile>
    <ClCompile Include="..\src\Inspection.cpp">
      <Filter>Implementation</Filter>
    </ClCompile>
    <ClCompile Include="..\src\Macro.cpp">
      <Filter>Implementation</Filter>
    </ClCompile>
    <ClCompile Include="..\src\MarkupParser.cpp">
      <Filter>Implementation</Filter>
    </ClCompile>
    <ClCompile Include="..\src\Math.cpp">
      <Filter>Implementation</Filter>
    </ClCompile>
    <ClCompile Include="..\src\OffScreenTarget.cpp">
      <Filter>Implementation</Filter>
    </ClCompile>
    <ClCompile Include="..\src\Resolution.cpp">
      <Filter>Implementation</Filter>
    </ClCompile>
    <ClCompile Include="..\src\TexChunk.cpp">
      <Filter>Implementation</Filter>
    </ClCompile>
    <ClCompile Include="..\src\Text.cpp">
      <Filter>Implementation</Filter>
    </ClCompile>
    <ClCompile Include="..\src\TextBuilder.cpp">
      <Filter>Implementation</Filter>
    </ClCompile>
    <ClCompile Include="..\src\TextInput.cpp">
      <Filter>Implementation</Filter>
    </ClCompile>
    <ClCompile Include="..\src\Texture.cpp">
      <Filter>Implementation</Filter>
    </ClCompile>
    <ClCompile Include="..\src\TiledImageData.cpp">
      <Filter>Implementation</Filter>
    </ClCompile>
    <ClCompile Include="..\src\TimingApple.cpp">
      <Filter>Implementation</Filter>
    </ClCompile>
    <ClCompile Include="..\src\TimingUnix.cpp">
      <Filter>Implementation</Filter>
    </ClCompile>
    <ClCompile Include="..\src\TimingWin.cpp">
      <Filter>Implementation</Filter>
    </ClCompile>
    <ClCompile Include="..\src\Transform.cpp">
      <Filter>Implementation</Filter>
    </ClCompile>
    <ClCompile Include="..\src\TrueTypeFont.cpp">
      <Filter>Implementation</Filter>
    </ClCompile>
    <ClCompile Include="..\src\TrueTypeFontApple.cpp">
      <Filter>Implementation</Filter>
    </ClCompile>
    <ClCompile Include="..\src\TrueTypeFontUnix.cpp">
      <Filter>Implementation</Filter>
    </ClCompile>
    <ClCompile Include="..\src\TrueTypeFontWin.cpp">
      <Filter>Implementation</Filter>
    </ClCompile>
    <ClCompile Include="..\src\Utility.cpp">
      <Filter>Implementation</Filter>
    </ClCompile>
    <ClCompile Include="..\src\Version.cpp">
      <Filter>Implementation</Filter>
    </ClCompile>
    <ClCompile Include="..\src\WinMain.cpp">
      <Filter>Implementation</Filter>
    </ClCompile>
    <ClCompile Include="..\src\WinUtility.cpp">
      <Filter>Implementation</Filter>
    </ClCompile>
    <ClCompile Include="..\src\Window.cpp">
      <Filter>Implementation</Filter>
    </ClCompile>
    <ClCompile Include="..\src\WindowUIKit.cpp">
      <Filter>Implementation</Filter>
    </ClCompile>
  </ItemGroup>
  <ItemGroup>
    <ClInclude Include="..\dependencies\SDL\include\SDL.h">
      <Filter>Dependencies</Filter>
    </ClInclude>
    <ClInclude Include="..\dependencies\SDL\include\SDL_assert.h">
      <Filter>Dependencies</Filter>
    </ClInclude>
    <ClInclude Include="..\dependencies\SDL\include\SDL_atomic.h">
      <Filter>Dependencies</Filter>
    </ClInclude>
    <ClInclude Include="..\dependencies\SDL\include\SDL_audio.h">
      <Filter>Dependencies</Filter>
    </ClInclude>
    <ClInclude Include="..\dependencies\SDL\include\SDL_bits.h">
      <Filter>Dependencies</Filter>
    </ClInclude>
    <ClInclude Include="..\dependencies\SDL\include\SDL_blendmode.h">
      <Filter>Dependencies</Filter>
    </ClInclude>
    <ClInclude Include="..\dependencies\SDL\include\SDL_clipboard.h">
      <Filter>Dependencies</Filter>
    </ClInclude>
    <ClInclude Include="..\dependencies\SDL\include\SDL_config.h">
      <Filter>Dependencies</Filter>
    </ClInclude>
    <ClInclude Include="..\dependencies\SDL\include\SDL_cpuinfo.h">
      <Filter>Dependencies</Filter>
    </ClInclude>
    <ClInclude Include="..\dependencies\SDL\include\SDL_egl.h">
      <Filter>Dependencies</Filter>
    </ClInclude>
    <ClInclude Include="..\dependencies\SDL\include\SDL_endian.h">
      <Filter>Dependencies</Filter>
    </ClInclude>
    <ClInclude Include="..\dependencies\SDL\include\SDL_error.h">
      <Filter>Dependencies</Filter>
    </ClInclude>
    <ClInclude Include="..\dependencies\SDL\include\SDL_events.h">
      <Filter>Dependencies</Filter>
    </ClInclude>
    <ClInclude Include="..\dependencies\SDL\include\SDL_filesystem.h">
      <Filter>Dependencies</Filter>
    </ClInclude>
    <ClInclude Include="..\dependencies\SDL\include\SDL_gamecontroller.h">
      <Filter>Dependencies</Filter>
    </ClInclude>
    <ClInclude Include="..\dependencies\SDL\include\SDL_gesture.h">
      <Filter>Dependencies</Filter>
    </ClInclude>
    <ClInclude Include="..\dependencies\SDL\include\SDL_guid.h">
      <Filter>Dependencies</Filter>
    </ClInclude>
    <ClInclude Include="..\dependencies\SDL\include\SDL_haptic.h">
      <Filter>Dependencies</Filter>
    </ClInclude>
    <ClInclude Include="..\dependencies\SDL\include\SDL_hidapi.h">
      <Filter>Dependencies</Filter>
    </ClInclude>
    <ClInclude Include="..\dependencies\SDL\include\SDL_hints.h">
      <Filter>Dependencies</Filter>
    </ClInclude>
    <ClInclude Include="..\dependencies\SDL\include\SDL_joystick.h">
      <Filter>Dependencies</Filter>
    </ClInclude>
    <ClInclude Include="..\dependencies\SDL\include\SDL_keyboard.h">
      <Filter>Dependencies</Filter>
    </ClInclude>
    <ClInclude Include="..\dependencies\SDL\include\SDL_keycode.h">
      <Filter>Dependencies</Filter>
    </ClInclude>
    <ClInclude Include="..\dependencies\SDL\include\SDL_loadso.h">
      <Filter>Dependencies</Filter>
    </ClInclude>
    <ClInclude Include="..\dependencies\SDL\include\SDL_locale.h">
      <Filter>Dependencies</Filter>
    </ClInclude>
    <ClInclude Include="..\dependencies\SDL\include\SDL_log.h">
      <Filter>Dependencies</Filter>
    </ClInclude>
    <ClInclude Include="..\dependencies\SDL\include\SDL_main.h">
      <Filter>Dependencies</Filter>
    </ClInclude>
    <ClInclude Include="..\dependencies\SDL\include\SDL_messagebox.h">
      <Filter>Dependencies</Filter>
    </ClInclude>
    <ClInclude Include="..\dependencies\SDL\include\SDL_metal.h">
      <Filter>Dependencies</Filter>
    </ClInclude>
    <ClInclude Include="..\dependencies\SDL\include\SDL_misc.h">
      <Filter>Dependencies</Filter>
    </ClInclude>
    <ClInclude Include="..\dependencies\SDL\include\SDL_mouse.h">
      <Filter>Dependencies</Filter>
    </ClInclude>
    <ClInclude Include="..\dependencies\SDL\include\SDL_mutex.h">
      <Filter>Dependencies</Filter>
    </ClInclude>
    <ClInclude Include="..\dependencies\SDL\include\SDL_name.h">
      <Filter>Dependencies</Filter>
    </ClInclude>
    <ClInclude Include="..\dependencies\SDL\include\SDL_opengl.h">
      <Filter>Dependencies</Filter>
    </ClInclude>
    <ClInclude Include="..\dependencies\SDL\include\SDL_opengl_glext.h">
      <Filter>Dependencies</Filter>
    </ClInclude>
    <ClInclude Include="..\dependencies\SDL\include\SDL_opengles.h">
      <Filter>Dependencies</Filter>
    </ClInclude>
    <ClInclude Include="..\dependencies\SDL\include\SDL_opengles2.h">
      <Filter>Dependencies</Filter>
    </ClInclude>
    <ClInclude Include="..\dependencies\SDL\include\SDL_opengles2_gl2.h">
      <Filter>Dependencies</Filter>
    </ClInclude>
    <ClInclude Include="..\dependencies\SDL\include\SDL_opengles2_gl2ext.h">
      <Filter>Dependencies</Filter>
    </ClInclude>
    <ClInclude Include="..\dependencies\SDL\include\SDL_opengles2_gl2platform.h">
      <Filter>Dependencies</Filter>
    </ClInclude>
    <ClInclude Include="..\dependencies\SDL\include\SDL_opengles2_khrplatform.h">
      <Filter>Dependencies</Filter>
    </ClInclude>
    <ClInclude Include="..\dependencies\SDL\include\SDL_pixels.h">
      <Filter>Dependencies</Filter>
    </ClInclude>
    <ClInclude Include="..\dependencies\SDL\include\SDL_platform.h">
      <Filter>Dependencies</Filter>
    </ClInclude>
    <ClInclude Include="..\dependencies\SDL\include\SDL_power.h">
      <Filter>Dependencies</Filter>
    </ClInclude>
    <ClInclude Include="..\dependencies\SDL\include\SDL_quit.h">
      <Filter>Dependencies</Filter>
    </ClInclude>
    <ClInclude Include="..\dependencies\SDL\include\SDL_rect.h">
      <Filter>Dependencies</Filter>
    </ClInclude>
    <ClInclude Include="..\dependencies\SDL\include\SDL_render.h">
      <Filter>Dependencies</Filter>
    </ClInclude>
    <ClInclude Include="..\dependencies\SDL\include\SDL_revision.h">
      <Filter>Dependencies</Filter>
    </ClInclude>
    <ClInclude Include="..\dependencies\SDL\include\SDL_rwops.h">
      <Filter>Dependencies</Filter>
    </ClInclude>
    <ClInclude Include="..\dependencies\SDL\include\SDL_scancode.h">
      <Filter>Dependencies</Filter>
    </ClInclude>
    <ClInclude Include="..\dependencies\SDL\include\SDL_sensor.h">
      <Filter>Dependencies</Filter>
    </ClInclude>
    <ClInclude Include="..\dependencies\SDL\include\SDL_shape.h">
      <Filter>Dependencies</Filter>
    </ClInclude>
    <ClInclude Include="..\dependencies\SDL\include\SDL_stdinc.h">
      <Filter>Dependencies</Filter>
    </ClInclude>
    <ClInclude Include="..\dependencies\SDL\include\SDL_surface.h">
      <Filter>Dependencies</Filter>
    </ClInclude>
    <ClInclude Include="..\dependencies\SDL\include\SDL_system.h">
      <Filter>Dependencies</Filter>
    </ClInclude>
    <ClInclude Include="..\dependencies\SDL\include\SDL_syswm.h">
      <Filter>Dependencies</Filter>
    </ClInclude>
    <ClInclude Include="..\dependencies\SDL\include\SDL_test.h">
      <Filter>Dependencies</Filter>
    </ClInclude>
    <ClInclude Include="..\dependencies\SDL\include\SDL_test_assert.h">
      <Filter>Dependencies</Filter>
    </ClInclude>
    <ClInclude Include="..\dependencies\SDL\include\SDL_test_common.h">
      <Filter>Dependencies</Filter>
    </ClInclude>
    <ClInclude Include="..\dependencies\SDL\include\SDL_test_compare.h">
      <Filter>Dependencies</Filter>
    </ClInclude>
    <ClInclude Include="..\dependencies\SDL\include\SDL_test_crc32.h">
      <Filter>Dependencies</Filter>
    </ClInclude>
    <ClInclude Include="..\dependencies\SDL\include\SDL_test_font.h">
      <Filter>Dependencies</Filter>
    </ClInclude>
    <ClInclude Include="..\dependencies\SDL\include\SDL_test_fuzzer.h">
      <Filter>Dependencies</Filter>
    </ClInclude>
    <ClInclude Include="..\dependencies\SDL\include\SDL_test_harness.h">
      <Filter>Dependencies</Filter>
    </ClInclude>
    <ClInclude Include="..\dependencies\SDL\include\SDL_test_images.h">
      <Filter>Dependencies</Filter>
    </ClInclude>
    <ClInclude Include="..\dependencies\SDL\include\SDL_test_log.h">
      <Filter>Dependencies</Filter>
    </ClInclude>
    <ClInclude Include="..\dependencies\SDL\include\SDL_test_md5.h">
      <Filter>Dependencies</Filter>
    </ClInclude>
    <ClInclude Include="..\dependencies\SDL\include\SDL_test_memory.h">
      <Filter>Dependencies</Filter>
    </ClInclude>
    <ClInclude Include="..\dependencies\SDL\include\SDL_test_random.h">
      <Filter>Dependencies</Filter>
    </ClInclude>
    <ClInclude Include="..\dependencies\SDL\include\SDL_thread.h">
      <Filter>Dependencies</Filter>
    </ClInclude>
    <ClInclude Include="..\dependencies\SDL\include\SDL_timer.h">
      <Filter>Dependencies</Filter>
    </ClInclude>
    <ClInclude Include="..\dependencies\SDL\include\SDL_touch.h">
      <Filter>Dependencies</Filter>
    </ClInclude>
    <ClInclude Include="..\dependencies\SDL\include\SDL_types.h">
      <Filter>Dependencies</Filter>
    </ClInclude>
    <ClInclude Include="..\dependencies\SDL\include\SDL_version.h">
      <Filter>Dependencies</Filter>
    </ClInclude>
    <ClInclude Include="..\dependencies\SDL\include\SDL_video.h">
      <Filter>Dependencies</Filter>
    </ClInclude>
    <ClInclude Include="..\dependencies\SDL\include\SDL_vulkan.h">
      <Filter>Dependencies</Filter>
    </ClInclude>
    <ClInclude Include="..\dependencies\SDL\include\begin_code.h">
      <Filter>Dependencies</Filter>
    </ClInclude>
    <ClInclude Include="..\dependencies\SDL\include\close_code.h">
      <Filter>Dependencies</Filter>
    </ClInclude>
    <ClInclude Include="..\dependencies\SDL_sound\SDL_sound.h">
      <Filter>Dependencies</Filter>
    </ClInclude>
    <ClInclude Include="..\dependencies\SDL_sound\SDL_sound_internal.h">
      <Filter>Dependencies</Filter>
    </ClInclude>
    <ClInclude Include="..\dependencies\SDL_sound\dr_flac.h">
      <Filter>Dependencies</Filter>
    </ClInclude>
    <ClInclude Include="..\dependencies\SDL_sound\dr_mp3.h">
      <Filter>Dependencies</Filter>
    </ClInclude>
    <ClInclude Include="..\dependencies\SDL_sound\libmodplug\libmodplug.h">
      <Filter>Dependencies</Filter>
    </ClInclude>
    <ClInclude Include="..\dependencies\SDL_sound\libmodplug\modplug.h">
      <Filter>Dependencies</Filter>
    </ClInclude>
    <ClInclude Include="..\dependencies\SDL_sound\libmodplug\tables.h">
      <Filter>Dependencies</Filter>
    </ClInclude>
    <ClInclude Include="..\dependencies\SDL_sound\stb_vorbis.h">
      <Filter>Dependencies</Filter>
    </ClInclude>
    <ClInclude Include="..\dependencies\mojoAL\AL\al.h">
      <Filter>Dependencies</Filter>
    </ClInclude>
    <ClInclude Include="..\dependencies\mojoAL\AL\alc.h">
      <Filter>Dependencies</Filter>
    </ClInclude>
    <ClInclude Include="..\dependencies\stb\stb_image.h">
      <Filter>Dependencies</Filter>
    </ClInclude>
    <ClInclude Include="..\dependencies\stb\stb_image_write.h">
      <Filter>Dependencies</Filter>
    </ClInclude>
    <ClInclude Include="..\dependencies\stb\stb_truetype.h">
      <Filter>Dependencies</Filter>
    </ClInclude>
    <ClInclude Include="..\dependencies\utf8proc\utf8proc.h">
      <Filter>Dependencies</Filter>
    </ClInclude>
    <ClInclude Include="..\dependencies\utf8proc\utf8proc_data.h">
      <Filter>Dependencies</Filter>
    </ClInclude>
    <ClInclude Include="..\src\AudioFile.hpp">
      <Filter>Implementation</Filter>
    </ClInclude>
    <ClInclude Include="..\src\AudioImpl.hpp">
      <Filter>Implementation</Filter>
    </ClInclude>
    <ClInclude Include="..\src\BlockAllocator.hpp">
      <Filter>Implementation</Filter>
    </ClInclude>
    <ClInclude Include="..\src\ClipRectStack.hpp">
      <Filter>Implementation</Filter>
    </ClInclude>
    <ClInclude Include="..\src\DrawOp.hpp">
      <Filter>Implementation</Filter>
    </ClInclude>
    <ClInclude Include="..\src\DrawOpQueue.hpp">
      <Filter>Implementation</Filter>
    </ClInclude>
    <ClInclude Include="..\src\EmptyImageData.hpp">
      <Filter>Implementation</Filter>
    </ClInclude>
    <ClInclude Include="..\src\GosuGLView.hpp">
      <Filter>Implementation</Filter>
    </ClInclude>
    <ClInclude Include="..\src\GosuViewController.hpp">
      <Filter>Implementation</Filter>
    </ClInclude>
    <ClInclude Include="..\src\GraphicsImpl.hpp">
      <Filter>Implementation</Filter>
    </ClInclude>
    <ClInclude Include="..\src\Iconv.hpp">
      <Filter>Implementation</Filter>
    </ClInclude>
    <ClInclude Include="..\src\Log.hpp">
      <Filter>Implementation</Filter>
    </ClInclude>
    <ClInclude Include="..\src\Macro.hpp">
      <Filter>Implementation</Filter>
    </ClInclude>
    <ClInclude Include="..\src\MarkupParser.hpp">
      <Filter>Implementation</Filter>
    </ClInclude>
    <ClInclude Include="..\src\OffScreenTarget.hpp">
      <Filter>Implementation</Filter>
    </ClInclude>
    <ClInclude Include="..\src\RenderState.hpp">
      <Filter>Implementation</Filter>
    </ClInclude>
    <ClInclude Include="..\src\TexChunk.hpp">
      <Filter>Implementation</Filter>
    </ClInclude>
    <ClInclude Include="..\src\TextBuilder.hpp">
      <Filter>Implementation</Filter>
    </ClInclude>
    <ClInclude Include="..\src\Texture.hpp">
      <Filter>Implementation</Filter>
    </ClInclude>
    <ClInclude Include="..\src\TiledImageData.hpp">
      <Filter>Implementation</Filter>
    </ClInclude>
    <ClInclude Include="..\src\TransformStack.hpp">
      <Filter>Implementation</Filter>
    </ClInclude>
    <ClInclude Include="..\src\TrueTypeFont.hpp">
      <Filter>Implementation</Filter>
    </ClInclude>
    <ClInclude Include="..\src\WinUtility.hpp">
      <Filter>Implementation</Filter>
    </ClInclude>
    <ClInclude Include="..\include\Gosu\Audio.hpp">
      <Filter>Interface</Filter>
    </ClInclude>
    <ClInclude Include="..\include\Gosu\Bitmap.hpp">
      <Filter>Interface</Filter>
    </ClInclude>
    <ClInclude Include="..\include\Gosu\Buffer.hpp">
      <Filter>Interface</Filter>
    </ClInclude>
    <ClInclude Include="..\include\Gosu\Buttons.hpp">
      <Filter>Interface</Filter>
    </ClInclude>
    <ClInclude Include="..\include\Gosu\Color.hpp">
      <Filter>Interface</Filter>
    </ClInclude>
    <ClInclude Include="..\include\Gosu\Directories.hpp">
      <Filter>Interface</Filter>
    </ClInclude>
    <ClInclude Include="..\include\Gosu\Font.hpp">
      <Filter>Interface</Filter>
    </ClInclude>
    <ClInclude Include="..\include\Gosu\Fwd.hpp">
      <Filter>Interface</Filter>
    </ClInclude>
    <ClInclude Include="..\include\Gosu\Gosu.hpp">
      <Filter>Interface</Filter>
    </ClInclude>
    <ClInclude Include="..\include\Gosu\Graphics.hpp">
      <Filter>Interface</Filter>
    </ClInclude>
    <ClInclude Include="..\include\Gosu\GraphicsBase.hpp">
      <Filter>Interface</Filter>
    </ClInclude>
    <ClInclude Include="..\include\Gosu\Image.hpp">
      <Filter>Interface</Filter>
    </ClInclude>
    <ClInclude Include="..\include\Gosu\ImageData.hpp">
      <Filter>Interface</Filter>
    </ClInclude>
    <ClInclude Include="..\include\Gosu\Input.hpp">
      <Filter>Interface</Filter>
    </ClInclude>
    <ClInclude Include="..\include\Gosu\Inspection.hpp">
      <Filter>Interface</Filter>
    </ClInclude>
    <ClInclude Include="..\include\Gosu\Math.hpp">
      <Filter>Interface</Filter>
    </ClInclude>
    <ClInclude Include="..\include\Gosu\Platform.hpp">
      <Filter>Interface</Filter>
    </ClInclude>
    <ClInclude Include="..\include\Gosu\Text.hpp">
      <Filter>Interface</Filter>
    </ClInclude>
    <ClInclude Include="..\include\Gosu\TextInput.hpp">
      <Filter>Interface</Filter>
    </ClInclude>
    <ClInclude Include="..\include\Gosu\Timing.hpp">
      <Filter>Interface</Filter>
    </ClInclude>
    <ClInclude Include="..\include\Gosu\Transform.hpp">
      <Filter>Interface</Filter>
    </ClInclude>
    <ClInclude Include="..\include\Gosu\Utility.hpp">
      <Filter>Interface</Filter>
    </ClInclude>
    <ClInclude Include="..\include\Gosu\Version.hpp">
      <Filter>Interface</Filter>
    </ClInclude>
    <ClInclude Include="..\include\Gosu\Window.hpp">
      <Filter>Interface</Filter>
    </ClInclude>
  </ItemGroup>
</Project>