<?xml version="1.0" encoding="utf-8"?>
<Project ToolsVersion="4.0" xmlns="http://schemas.microsoft.com/developer/msbuild/2003">
  <ItemGroup>
    <Filter Include="Implementation">
      <UniqueIdentifier>{aceab27f-d653-4abd-8c0a-7232843b6dc3}</UniqueIdentifier>
    </Filter>
    <Filter Include="Interface">
      <UniqueIdentifier>{defefcfa-47f2-4cf5-9be9-79c759d06bc6}</UniqueIdentifier>
    </Filter>
  </ItemGroup>
  <ItemGroup>
    <ClCompile Include="..\dependencies\SDL_sound\SDL_sound.c">
      <Filter>Implementation</Filter>
    </ClCompile>
    <ClCompile Include="..\dependencies\SDL_sound\SDL_sound_aiff.c">
      <Filter>Implementation</Filter>
    </ClCompile>
    <ClCompile Include="..\dependencies\SDL_sound\SDL_sound_au.c">
      <Filter>Implementation</Filter>
    </ClCompile>
    <ClCompile Include="..\dependencies\SDL_sound\SDL_sound_coreaudio.c">
      <Filter>Implementation</Filter>
    </ClCompile>
    <ClCompile Include="..\dependencies\SDL_sound\SDL_sound_flac.c">
      <Filter>Implementation</Filter>
    </ClCompile>
    <ClCompile Include="..\dependencies\SDL_sound\SDL_sound_modplug.c">
      <Filter>Implementation</Filter>
    </ClCompile>
    <ClCompile Include="..\dependencies\SDL_sound\SDL_sound_mp3.c">
      <Filter>Implementation</Filter>
    </ClCompile>
    <ClCompile Include="..\dependencies\SDL_sound\SDL_sound_raw.c">
      <Filter>Implementation</Filter>
    </ClCompile>
    <ClCompile Include="..\dependencies\SDL_sound\SDL_sound_shn.c">
      <Filter>Implementation</Filter>
    </ClCompile>
    <ClCompile Include="..\dependencies\SDL_sound\SDL_sound_voc.c">
      <Filter>Implementation</Filter>
    </ClCompile>
    <ClCompile Include="..\dependencies\SDL_sound\SDL_sound_vorbis.c">
      <Filter>Implementation</Filter>
    </ClCompile>
    <ClCompile Include="..\dependencies\SDL_sound\SDL_sound_wav.c">
      <Filter>Implementation</Filter>
    </ClCompile>
    <ClCompile Include="..\dependencies\SDL_sound\libmodplug\fastmix.c">
      <Filter>Implementation</Filter>
    </ClCompile>
    <ClCompile Include="..\dependencies\SDL_sound\libmodplug\load_669.c">
      <Filter>Implementation</Filter>
    </ClCompile>
    <ClCompile Include="..\dependencies\SDL_sound\libmodplug\load_abc.c">
      <Filter>Implementation</Filter>
    </ClCompile>
    <ClCompile Include="..\dependencies\SDL_sound\libmodplug\load_amf.c">
      <Filter>Implementation</Filter>
    </ClCompile>
    <ClCompile Include="..\dependencies\SDL_sound\libmodplug\load_ams.c">
      <Filter>Implementation</Filter>
    </ClCompile>
    <ClCompile Include="..\dependencies\SDL_sound\libmodplug\load_dbm.c">
      <Filter>Implementation</Filter>
    </ClCompile>
    <ClCompile Include="..\dependencies\SDL_sound\libmodplug\load_dmf.c">
      <Filter>Implementation</Filter>
    </ClCompile>
    <ClCompile Include="..\dependencies\SDL_sound\libmodplug\load_dsm.c">
      <Filter>Implementation</Filter>
    </ClCompile>
    <ClCompile Include="..\dependencies\SDL_sound\libmodplug\load_far.c">
      <Filter>Implementation</Filter>
    </ClCompile>
    <ClCompile Include="..\dependencies\SDL_sound\libmodplug\load_it.c">
      <Filter>Implementation</Filter>
    </ClCompile>
    <ClCompile Include="..\dependencies\SDL_sound\libmodplug\load_mdl.c">
      <Filter>Implementation</Filter>
    </ClCompile>
    <ClCompile Include="..\dependencies\SDL_sound\libmodplug\load_med.c">
      <Filter>Implementation</Filter>
    </ClCompile>
    <ClCompile Include="..\dependencies\SDL_sound\libmodplug\load_mid.c">
      <Filter>Implementation</Filter>
    </ClCompile>
    <ClCompile Include="..\dependencies\SDL_sound\libmodplug\load_mod.c">
      <Filter>Implementation</Filter>
    </ClCompile>
    <ClCompile Include="..\dependencies\SDL_sound\libmodplug\load_mt2.c">
      <Filter>Implementation</Filter>
    </ClCompile>
    <ClCompile Include="..\dependencies\SDL_sound\libmodplug\load_mtm.c">
      <Filter>Implementation</Filter>
    </ClCompile>
    <ClCompile Include="..\dependencies\SDL_sound\libmodplug\load_okt.c">
      <Filter>Implementation</Filter>
    </ClCompile>
    <ClCompile Include="..\dependencies\SDL_sound\libmodplug\load_pat.c">
      <Filter>Implementation</Filter>
    </ClCompile>
    <ClCompile Include="..\dependencies\SDL_sound\libmodplug\load_psm.c">
      <Filter>Implementation</Filter>
    </ClCompile>
    <ClCompile Include="..\dependencies\SDL_sound\libmodplug\load_ptm.c">
      <Filter>Implementation</Filter>
    </ClCompile>
    <ClCompile Include="..\dependencies\SDL_sound\libmodplug\load_s3m.c">
      <Filter>Implementation</Filter>
    </ClCompile>
    <ClCompile Include="..\dependencies\SDL_sound\libmodplug\load_stm.c">
      <Filter>Implementation</Filter>
    </ClCompile>
    <ClCompile Include="..\dependencies\SDL_sound\libmodplug\load_ult.c">
      <Filter>Implementation</Filter>
    </ClCompile>
    <ClCompile Include="..\dependencies\SDL_sound\libmodplug\load_umx.c">
      <Filter>Implementation</Filter>
    </ClCompile>
    <ClCompile Include="..\dependencies\SDL_sound\libmodplug\load_xm.c">
      <Filter>Implementation</Filter>
    </ClCompile>
    <ClCompile Include="..\dependencies\SDL_sound\libmodplug\mmcmp.c">
      <Filter>Implementation</Filter>
    </ClCompile>
    <ClCompile Include="..\dependencies\SDL_sound\libmodplug\modplug.c">
      <Filter>Implementation</Filter>
    </ClCompile>
    <ClCompile Include="..\dependencies\SDL_sound\libmodplug\snd_dsp.c">
      <Filter>Implementation</Filter>
    </ClCompile>
    <ClCompile Include="..\dependencies\SDL_sound\libmodplug\snd_flt.c">
      <Filter>Implementation</Filter>
    </ClCompile>
    <ClCompile Include="..\dependencies\SDL_sound\libmodplug\snd_fx.c">
      <Filter>Implementation</Filter>
    </ClCompile>
    <ClCompile Include="..\dependencies\SDL_sound\libmodplug\sndfile.c">
      <Filter>Implementation</Filter>
    </ClCompile>
    <ClCompile Include="..\dependencies\SDL_sound\libmodplug\sndmix.c">
      <Filter>Implementation</Filter>
    </ClCompile>
    <ClCompile Include="..\dependencies\utf8proc\utf8proc.c">
      <Filter>Implementation</Filter>
    </ClCompile>
    <ClCompile Include="..\src\Audio.cpp">
      <Filter>Implementation</Filter>
    </ClCompile>
    <ClCompile Include="..\src\AudioFileAudioToolbox.cpp">
      <Filter>Implementation</Filter>
    </ClCompile>
    <ClCompile Include="..\src\AudioFileSDLSound.cpp">
      <Filter>Implementation</Filter>
    </ClCompile>
    <ClCompile Include="..\src\AudioImpl.cpp">
      <Filter>Implementation</Filter>
    </ClCompile>
    <ClCompile Include="..\src\Bitmap.cpp">
      <Filter>Implementation</Filter>
    </ClCompile>
    <ClCompile Include="..\src\BitmapIO.cpp">
      <Filter>Implementation</Filter>
    </ClCompile>
    <ClCompile Include="..\src\BlockAllocator.cpp">
      <Filter>Implementation</Filter>
    </ClCompile>
    <ClCompile Include="..\src\Channel.cpp">
      <Filter>Implementation</Filter>
    </ClCompile>
    <ClCompile Include="..\src\ChannelWrapper.cpp">
      <Filter>Implementation</Filter>
    </ClCompile>
    <ClCompile Include="..\src\Color.cpp">
      <Filter>Implementation</Filter>
    </ClCompile>
    <ClCompile Include="..\src\ColorWrapper.cpp">
      <Filter>Implementation</Filter>
    </ClCompile>
    <ClCompile Include="..\src\Constants.cpp">
      <Filter>Implementation</Filter>
    </ClCompile>
    <ClCompile Include="..\src\DirectoriesApple.cpp">
      <Filter>Implementation</Filter>
    </ClCompile>
    <ClCompile Include="..\src\DirectoriesUnix.cpp">
      <Filter>Implementation</Filter>
    </ClCompile>
    <ClCompile Include="..\src\DirectoriesWin.cpp">
      <Filter>Implementation</Filter>
    </ClCompile>
    <ClCompile Include="..\src\FileUnix.cpp">
      <Filter>Implementation</Filter>
    </ClCompile>
    <ClCompile Include="..\src\FileWin.cpp">
      <Filter>Implementation</Filter>
    </ClCompile>
    <ClCompile Include="..\src\Font.cpp">
      <Filter>Implementation</Filter>
    </ClCompile>
    <ClCompile Include="..\src\FontWrapper.cpp">
      <Filter>Implementation</Filter>
    </ClCompile>
    <ClCompile Include="..\src\GosuGLView.cpp">
      <Filter>Implementation</Filter>
    </ClCompile>
    <ClCompile Include="..\src\GosuViewController.cpp">
      <Filter>Implementation</Filter>
    </ClCompile>
    <ClCompile Include="..\src\GosuWrapper.cpp">
      <Filter>Implementation</Filter>
    </ClCompile>
    <ClCompile Include="..\src\Graphics.cpp">
      <Filter>Implementation</Filter>
    </ClCompile>
    <ClCompile Include="..\src\IO.cpp">
      <Filter>Implementation</Filter>
    </ClCompile>
    <ClCompile Include="..\src\Image.cpp">
      <Filter>Implementation</Filter>
    </ClCompile>
    <ClCompile Include="..\src\ImageWrapper.cpp">
      <Filter>Implementation</Filter>
    </ClCompile>
    <ClCompile Include="..\src\Input.cpp">
      <Filter>Implementation</Filter>
    </ClCompile>
    <ClCompile Include="..\src\InputUIKit.cpp">
      <Filter>Implementation</Filter>
    </ClCompile>
    <ClCompile Include="..\src\Inspection.cpp">
      <Filter>Implementation</Filter>
    </ClCompile>
    <ClCompile Include="..\src\LargeImageData.cpp">
      <Filter>Implementation</Filter>
    </ClCompile>
    <ClCompile Include="..\src\Macro.cpp">
      <Filter>Implementation</Filter>
    </ClCompile>
    <ClCompile Include="..\src\MarkupParser.cpp">
      <Filter>Implementation</Filter>
    </ClCompile>
    <ClCompile Include="..\src\Math.cpp">
      <Filter>Implementation</Filter>
    </ClCompile>
    <ClCompile Include="..\src\OffScreenTarget.cpp">
      <Filter>Implementation</Filter>
    </ClCompile>
    <ClCompile Include="..\src\Resolution.cpp">
      <Filter>Implementation</Filter>
    </ClCompile>
    <ClCompile Include="..\src\SampleWrapper.cpp">
      <Filter>Implementation</Filter>
    </ClCompile>
    <ClCompile Include="..\src\SongWrapper.cpp">
      <Filter>Implementation</Filter>
    </ClCompile>
    <ClCompile Include="..\src\TexChunk.cpp">
      <Filter>Implementation</Filter>
    </ClCompile>
    <ClCompile Include="..\src\Text.cpp">
      <Filter>Implementation</Filter>
    </ClCompile>
    <ClCompile Include="..\src\TextBuilder.cpp">
      <Filter>Implementation</Filter>
    </ClCompile>
    <ClCompile Include="..\src\TextInput.cpp">
      <Filter>Implementation</Filter>
    </ClCompile>
    <ClCompile Include="..\src\TextInputWrapper.cpp">
      <Filter>Implementation</Filter>
    </ClCompile>
    <ClCompile Include="..\src\Texture.cpp">
      <Filter>Implementation</Filter>
    </ClCompile>
    <ClCompile Include="..\src\TimingApple.cpp">
      <Filter>Implementation</Filter>
    </ClCompile>
    <ClCompile Include="..\src\TimingUnix.cpp">
      <Filter>Implementation</Filter>
    </ClCompile>
    <ClCompile Include="..\src\TimingWin.cpp">
      <Filter>Implementation</Filter>
    </ClCompile>
    <ClCompile Include="..\src\Transform.cpp">
      <Filter>Implementation</Filter>
    </ClCompile>
    <ClCompile Include="..\src\TrueTypeFont.cpp">
      <Filter>Implementation</Filter>
    </ClCompile>
    <ClCompile Include="..\src\TrueTypeFontApple.cpp">
      <Filter>Implementation</Filter>
    </ClCompile>
    <ClCompile Include="..\src\TrueTypeFontUnix.cpp">
      <Filter>Implementation</Filter>
    </ClCompile>
    <ClCompile Include="..\src\TrueTypeFontWin.cpp">
      <Filter>Implementation</Filter>
    </ClCompile>
    <ClCompile Include="..\src\Utility.cpp">
      <Filter>Implementation</Filter>
    </ClCompile>
    <ClCompile Include="..\src\UtilityApple.cpp">
      <Filter>Implementation</Filter>
    </ClCompile>
    <ClCompile Include="..\src\UtilityWin.cpp">
      <Filter>Implementation</Filter>
    </ClCompile>
    <ClCompile Include="..\src\Version.cpp">
      <Filter>Implementation</Filter>
    </ClCompile>
    <ClCompile Include="..\src\WinMain.cpp">
      <Filter>Implementation</Filter>
    </ClCompile>
    <ClCompile Include="..\src\WinUtility.cpp">
      <Filter>Implementation</Filter>
    </ClCompile>
    <ClCompile Include="..\src\Window.cpp">
      <Filter>Implementation</Filter>
    </ClCompile>
    <ClCompile Include="..\src\WindowUIKit.cpp">
      <Filter>Implementation</Filter>
    </ClCompile>
    <ClCompile Include="..\src\WindowWrapper.cpp">
      <Filter>Implementation</Filter>
    </ClCompile>
  </ItemGroup>
  <ItemGroup>
    <ClInclude Include="..\src\stb_image.h">
      <Filter>Implementation</Filter>
    </ClInclude>
    <ClInclude Include="..\src\stb_image_write.h">
      <Filter>Implementation</Filter>
    </ClInclude>
    <ClInclude Include="..\src\WinUtility.hpp">
      <Filter>Implementation</Filter>
    </ClInclude>
    <ClInclude Include="..\src\AudioFile.hpp">
      <Filter>Implementation</Filter>
    </ClInclude>
    <ClInclude Include="..\src\AudioImpl.hpp">
      <Filter>Implementation</Filter>
    </ClInclude>
    <ClInclude Include="..\src\BlockAllocator.hpp">
      <Filter>Implementation</Filter>
    </ClInclude>
    <ClInclude Include="..\src\ClipRectStack.hpp">
      <Filter>Implementation</Filter>
    </ClInclude>
    <ClInclude Include="..\src\DrawOp.hpp">
      <Filter>Implementation</Filter>
    </ClInclude>
    <ClInclude Include="..\src\DrawOpQueue.hpp">
      <Filter>Implementation</Filter>
    </ClInclude>
    <ClInclude Include="..\src\EmptyImageData.hpp">
      <Filter>Implementation</Filter>
    </ClInclude>
    <ClInclude Include="..\src\GosuGLView.hpp">
      <Filter>Implementation</Filter>
    </ClInclude>
    <ClInclude Include="..\src\GosuViewController.hpp">
      <Filter>Implementation</Filter>
    </ClInclude>
    <ClInclude Include="..\src\GraphicsImpl.hpp">
      <Filter>Implementation</Filter>
    </ClInclude>
    <ClInclude Include="..\src\Iconv.hpp">
      <Filter>Implementation</Filter>
    </ClInclude>
    <ClInclude Include="..\src\LargeImageData.hpp">
      <Filter>Implementation</Filter>
    </ClInclude>
    <ClInclude Include="..\src\Log.hpp">
      <Filter>Implementation</Filter>
    </ClInclude>
    <ClInclude Include="..\src\Macro.hpp">
      <Filter>Implementation</Filter>
    </ClInclude>
    <ClInclude Include="..\src\MarkupParser.hpp">
      <Filter>Implementation</Filter>
    </ClInclude>
    <ClInclude Include="..\src\MPEGFile.hpp">
      <Filter>Implementation</Filter>
    </ClInclude>
    <ClInclude Include="..\src\OffScreenTarget.hpp">
      <Filter>Implementation</Filter>
    </ClInclude>
    <ClInclude Include="..\src\RenderState.hpp">
      <Filter>Implementation</Filter>
    </ClInclude>
    <ClInclude Include="..\src\TexChunk.hpp">
      <Filter>Implementation</Filter>
    </ClInclude>
    <ClInclude Include="..\src\TextBuilder.hpp">
      <Filter>Implementation</Filter>
    </ClInclude>
    <ClInclude Include="..\src\Texture.hpp">
      <Filter>Implementation</Filter>
    </ClInclude>
    <ClInclude Include="..\src\TransformStack.hpp">
      <Filter>Implementation</Filter>
    </ClInclude>
    <ClInclude Include="..\src\TrueTypeFont.hpp">
      <Filter>Implementation</Filter>
    </ClInclude>
    <ClInclude Include="..\include\Gosu\Audio.hpp">
      <Filter>Interface</Filter>
    </ClInclude>
    <ClInclude Include="..\include\Gosu\Bitmap.hpp">
      <Filter>Interface</Filter>
    </ClInclude>
    <ClInclude Include="..\include\Gosu\Buttons.hpp">
      <Filter>Interface</Filter>
    </ClInclude>
    <ClInclude Include="..\include\Gosu\Channel.h">
      <Filter>Interface</Filter>
    </ClInclude>
    <ClInclude Include="..\include\Gosu\Color.h">
      <Filter>Interface</Filter>
    </ClInclude>
    <ClInclude Include="..\include\Gosu\Color.hpp">
      <Filter>Interface</Filter>
    </ClInclude>
    <ClInclude Include="..\include\Gosu\Directories.hpp">
      <Filter>Interface</Filter>
    </ClInclude>
    <ClInclude Include="..\include\Gosu\Font.h">
      <Filter>Interface</Filter>
    </ClInclude>
    <ClInclude Include="..\include\Gosu\Font.hpp">
      <Filter>Interface</Filter>
    </ClInclude>
    <ClInclude Include="..\include\Gosu\Fwd.hpp">
      <Filter>Interface</Filter>
    </ClInclude>
    <ClInclude Include="..\include\Gosu\Gosu.h">
      <Filter>Interface</Filter>
    </ClInclude>
    <ClInclude Include="..\include\Gosu\Gosu.hpp">
      <Filter>Interface</Filter>
    </ClInclude>
    <ClInclude Include="..\include\Gosu\Graphics.hpp">
      <Filter>Interface</Filter>
    </ClInclude>
    <ClInclude Include="..\include\Gosu\GraphicsBase.hpp">
      <Filter>Interface</Filter>
    </ClInclude>
    <ClInclude Include="..\include\Gosu\Image.h">
      <Filter>Interface</Filter>
    </ClInclude>
    <ClInclude Include="..\include\Gosu\Image.hpp">
      <Filter>Interface</Filter>
    </ClInclude>
    <ClInclude Include="..\include\Gosu\ImageData.hpp">
      <Filter>Interface</Filter>
    </ClInclude>
    <ClInclude Include="..\include\Gosu\Input.hpp">
      <Filter>Interface</Filter>
    </ClInclude>
    <ClInclude Include="..\include\Gosu\Inspection.hpp">
      <Filter>Interface</Filter>
    </ClInclude>
    <ClInclude Include="..\include\Gosu\IO.hpp">
      <Filter>Interface</Filter>
    </ClInclude>
    <ClInclude Include="..\include\Gosu\Math.hpp">
      <Filter>Interface</Filter>
    </ClInclude>
    <ClInclude Include="..\include\Gosu\Platform.hpp">
      <Filter>Interface</Filter>
    </ClInclude>
    <ClInclude Include="..\include\Gosu\Sample.h">
      <Filter>Interface</Filter>
    </ClInclude>
    <ClInclude Include="..\include\Gosu\Song.h">
      <Filter>Interface</Filter>
    </ClInclude>
    <ClInclude Include="..\include\Gosu\Text.hpp">
      <Filter>Interface</Filter>
    </ClInclude>
    <ClInclude Include="..\include\Gosu\TextInput.h">
      <Filter>Interface</Filter>
    </ClInclude>
    <ClInclude Include="..\include\Gosu\TextInput.hpp">
      <Filter>Interface</Filter>
    </ClInclude>
    <ClInclude Include="..\include\Gosu\Timing.hpp">
      <Filter>Interface</Filter>
    </ClInclude>
    <ClInclude Include="..\include\Gosu\Utility.hpp">
      <Filter>Interface</Filter>
    </ClInclude>
    <ClInclude Include="..\include\Gosu\Version.hpp">
      <Filter>Interface</Filter>
    </ClInclude>
    <ClInclude Include="..\include\Gosu\Window.h">
      <Filter>Interface</Filter>
    </ClInclude>
    <ClInclude Include="..\include\Gosu\Window.hpp">
      <Filter>Interface</Filter>
    </ClInclude>
  </ItemGroup>
</Project>