PODS:
  - Gosu/Dependencies (2.0.0)
  - Gosu/Gosu (2.0.0):
    - Gosu/Dependencies
  - Gosu/GosuAppDelegateMain (2.0.0):
    - Gosu/Gosu

DEPENDENCIES:
  - Gosu/GosuAppDelegateMain (from `../..`)

EXTERNAL SOURCES:
  Gosu:
    :path: "../.."

SPEC CHECKSUMS:
  Gosu: b3d61891327d51adac4d9652a67111c0b7bf2898

PODFILE CHECKSUM: 1419de9bd0dc158f93d2a5639d546afb03b24668

COCOAPODS: 1.16.2
