PODS:
  - Gosu/Dependencies (1.2.0)
  - Gosu/Gosu (1.2.0):
    - Gosu/Dependencies
  - Gosu/GosuAppDelegateMain (1.2.0):
    - Gosu/Gosu

DEPENDENCIES:
  - Gosu/GosuAppDelegateMain (from `../..`)

EXTERNAL SOURCES:
  Gosu:
    :path: "../.."

SPEC CHECKSUMS:
  Gosu: 3cee748630cda9431531d1a2770b358f73731c5a

PODFILE CHECKSUM: adbdd400c4e30e3637e29b8da0791568dbe69251

COCOAPODS: 1.11.0
