PODS:
  - Gosu/Dependencies (1.4.6)
  - Gosu/Gosu (1.4.6):
    - Gosu/Dependencies
  - Gosu/GosuAppDelegateMain (1.4.6):
    - Gosu/Gosu

DEPENDENCIES:
  - Gosu/GosuAppDelegateMain (from `../..`)

EXTERNAL SOURCES:
  Gosu:
    :path: "../.."

SPEC CHECKSUMS:
  Gosu: 992a2da502347876945f8f20a3932dc535756c49

PODFILE CHECKSUM: 1419de9bd0dc158f93d2a5639d546afb03b24668

COCOAPODS: 1.12.1
