
Microsoft Visual Studio Solution File, Format Version 9.00
# Visual Studio 2005
Project("{8BC9CEB8-8B4A-11D0-8D11-00A0C91BC942}") = "Gosu", "Gosu.vcproj", "{4989339B-019C-4399-86F5-1D9245C420C6}"
EndProject
Project("{8BC9CEB8-8B4A-11D0-8D11-00A0C91BC942}") = "RubyGosu", "RubyGosu.vcproj", "{1A89DFFB-65C3-4FE2-89A9-18D718A8822C}"
	ProjectSection(ProjectDependencies) = postProject
		{4989339B-019C-4399-86F5-1D9245C420C6} = {4989339B-019C-4399-86F5-1D9245C420C6}
	EndProjectSection
EndProject
Global
	GlobalSection(SolutionConfigurationPlatforms) = preSolution
		Debug|Win32 = Debug|Win32
		Release with 1.9|Win32 = Release with 1.9|Win32
		Release|Win32 = Release|Win32
	EndGlobalSection
	GlobalSection(ProjectConfigurationPlatforms) = postSolution
		{4989339B-019C-4399-86F5-1D9245C420C6}.Debug|Win32.ActiveCfg = Debug|Win32
		{4989339B-019C-4399-86F5-1D9245C420C6}.Debug|Win32.Build.0 = Debug|Win32
		{4989339B-019C-4399-86F5-1D9245C420C6}.Release with 1.9|Win32.ActiveCfg = Release|Win32
		{4989339B-019C-4399-86F5-1D9245C420C6}.Release with 1.9|Win32.Build.0 = Release|Win32
		{4989339B-019C-4399-86F5-1D9245C420C6}.Release|Win32.ActiveCfg = Release|Win32
		{4989339B-019C-4399-86F5-1D9245C420C6}.Release|Win32.Build.0 = Release|Win32
		{1A89DFFB-65C3-4FE2-89A9-18D718A8822C}.Debug|Win32.ActiveCfg = Release|Win32
		{1A89DFFB-65C3-4FE2-89A9-18D718A8822C}.Debug|Win32.Build.0 = Release|Win32
		{1A89DFFB-65C3-4FE2-89A9-18D718A8822C}.Release with 1.9|Win32.ActiveCfg = Release with Ruby 1.9|Win32
		{1A89DFFB-65C3-4FE2-89A9-18D718A8822C}.Release with 1.9|Win32.Build.0 = Release with Ruby 1.9|Win32
		{1A89DFFB-65C3-4FE2-89A9-18D718A8822C}.Release|Win32.ActiveCfg = Release|Win32
		{1A89DFFB-65C3-4FE2-89A9-18D718A8822C}.Release|Win32.Build.0 = Release|Win32
	EndGlobalSection
	GlobalSection(SolutionProperties) = preSolution
		HideSolutionNode = FALSE
	EndGlobalSection
EndGlobal
