PODS:
  - Gosu (0.15.2):
    - Gosu/Gosu (= 0.15.2)
  - Gosu/Dependencies (0.15.2)
  - Gosu/Gosu (0.15.2):
    - Gosu/Dependencies

DEPENDENCIES:
  - Gosu (from `../..`)

EXTERNAL SOURCES:
  Gosu:
    :path: "../.."

SPEC CHECKSUMS:
  Gosu: e819d2fefeb37859bbfdf611f9332cc9b79ca695

PODFILE CHECKSUM: 6d90e9429378d42966ff3eff051b194170f3f19b

COCOAPODS: 1.10.0
