PODS:
  - Gosu (2.0.0):
    - Gosu/Gosu (= 2.0.0)
  - Gosu/Dependencies (2.0.0)
  - Gosu/Gosu (2.0.0):
    - Gosu/Dependencies

DEPENDENCIES:
  - Gosu (from `../..`)

EXTERNAL SOURCES:
  Gosu:
    :path: "../.."

SPEC CHECKSUMS:
  Gosu: e353bf6b67f538b348805f2f09007c010b539fc8

PODFILE CHECKSUM: f42ffeb4ade4182085f7b3b553af6c38c355f08d

COCOAPODS: 1.16.2
