PODS:
  - Gosu (2.0.0):
    - Gosu/Gosu (= 2.0.0)
  - Gosu/Dependencies (2.0.0)
  - Gosu/Gosu (2.0.0):
    - Gosu/Dependencies

DEPENDENCIES:
  - Gosu (from `../..`)

EXTERNAL SOURCES:
  Gosu:
    :path: "../.."

SPEC CHECKSUMS:
  Gosu: 305facec8ba4ef1cb649651c1be347c9967ae76c

PODFILE CHECKSUM: f42ffeb4ade4182085f7b3b553af6c38c355f08d

COCOAPODS: 1.16.2
