
Microsoft Visual Studio Solution File, Format Version 12.00
# Visual Studio 14
VisualStudioVersion = 14.0.25420.1
MinimumVisualStudioVersion = 10.0.40219.1
Project("{8BC9CEB8-8B4A-11D0-8D11-00A0C91BC942}") = "SDL2-UWP", "SDL2\VisualC-WinRT\UWP_VS2015\SDL-UWP.vcxproj", "{89E9B32E-A86A-47C3-A948-D2B1622925CE}"
EndProject
Project("{8BC9CEB8-8B4A-11D0-8D11-00A0C91BC942}") = "GosuUWP", "GosuUWP.vcxproj", "{C83A24B0-0401-4BF5-9895-7E1651272F95}"
EndProject
Project("{8BC9CEB8-8B4A-11D0-8D11-00A0C91BC942}") = "OpenAL", "openal-soft-winrt\winrt.vs2015\OpenAL\OpenAL.vcxproj", "{A4EC741A-2F08-4DAB-A9B1-472540CBCE2E}"
EndProject
Project("{8BC9CEB8-8B4A-11D0-8D11-00A0C91BC942}") = "freetype-UWP", "SDL2_ttf\VisualC-WinRT\UWP_VS2015\freetype-UWP.vcxproj", "{BB24167F-FB53-42CB-B035-9EA7AD731F3E}"
EndProject
Project("{8BC9CEB8-8B4A-11D0-8D11-00A0C91BC942}") = "SDL2_ttf-UWP", "SDL2_ttf\VisualC-WinRT\UWP_VS2015\SDL2_ttf-UWP.vcxproj", "{ABE3BD38-2CD6-4C94-AF1C-5A29E8F77D75}"
EndProject
Global
	GlobalSection(SolutionConfigurationPlatforms) = preSolution
		Debug|ARM = Debug|ARM
		Debug|x64 = Debug|x64
		Debug|x86 = Debug|x86
		Release|ARM = Release|ARM
		Release|x64 = Release|x64
		Release|x86 = Release|x86
	EndGlobalSection
	GlobalSection(ProjectConfigurationPlatforms) = postSolution
		{89E9B32E-A86A-47C3-A948-D2B1622925CE}.Debug|ARM.ActiveCfg = Debug|ARM
		{89E9B32E-A86A-47C3-A948-D2B1622925CE}.Debug|ARM.Build.0 = Debug|ARM
		{89E9B32E-A86A-47C3-A948-D2B1622925CE}.Debug|x64.ActiveCfg = Debug|x64
		{89E9B32E-A86A-47C3-A948-D2B1622925CE}.Debug|x64.Build.0 = Debug|x64
		{89E9B32E-A86A-47C3-A948-D2B1622925CE}.Debug|x86.ActiveCfg = Debug|Win32
		{89E9B32E-A86A-47C3-A948-D2B1622925CE}.Debug|x86.Build.0 = Debug|Win32
		{89E9B32E-A86A-47C3-A948-D2B1622925CE}.Release|ARM.ActiveCfg = Release|ARM
		{89E9B32E-A86A-47C3-A948-D2B1622925CE}.Release|ARM.Build.0 = Release|ARM
		{89E9B32E-A86A-47C3-A948-D2B1622925CE}.Release|x64.ActiveCfg = Release|x64
		{89E9B32E-A86A-47C3-A948-D2B1622925CE}.Release|x64.Build.0 = Release|x64
		{89E9B32E-A86A-47C3-A948-D2B1622925CE}.Release|x86.ActiveCfg = Release|Win32
		{89E9B32E-A86A-47C3-A948-D2B1622925CE}.Release|x86.Build.0 = Release|Win32
		{C83A24B0-0401-4BF5-9895-7E1651272F95}.Debug|ARM.ActiveCfg = Debug|ARM
		{C83A24B0-0401-4BF5-9895-7E1651272F95}.Debug|ARM.Build.0 = Debug|ARM
		{C83A24B0-0401-4BF5-9895-7E1651272F95}.Debug|x64.ActiveCfg = Debug|x64
		{C83A24B0-0401-4BF5-9895-7E1651272F95}.Debug|x64.Build.0 = Debug|x64
		{C83A24B0-0401-4BF5-9895-7E1651272F95}.Debug|x86.ActiveCfg = Debug|Win32
		{C83A24B0-0401-4BF5-9895-7E1651272F95}.Debug|x86.Build.0 = Debug|Win32
		{C83A24B0-0401-4BF5-9895-7E1651272F95}.Release|ARM.ActiveCfg = Release|ARM
		{C83A24B0-0401-4BF5-9895-7E1651272F95}.Release|ARM.Build.0 = Release|ARM
		{C83A24B0-0401-4BF5-9895-7E1651272F95}.Release|x64.ActiveCfg = Release|x64
		{C83A24B0-0401-4BF5-9895-7E1651272F95}.Release|x64.Build.0 = Release|x64
		{C83A24B0-0401-4BF5-9895-7E1651272F95}.Release|x86.ActiveCfg = Release|Win32
		{C83A24B0-0401-4BF5-9895-7E1651272F95}.Release|x86.Build.0 = Release|Win32
		{A4EC741A-2F08-4DAB-A9B1-472540CBCE2E}.Debug|ARM.ActiveCfg = Debug|ARM
		{A4EC741A-2F08-4DAB-A9B1-472540CBCE2E}.Debug|ARM.Build.0 = Debug|ARM
		{A4EC741A-2F08-4DAB-A9B1-472540CBCE2E}.Debug|x64.ActiveCfg = Debug|x64
		{A4EC741A-2F08-4DAB-A9B1-472540CBCE2E}.Debug|x64.Build.0 = Debug|x64
		{A4EC741A-2F08-4DAB-A9B1-472540CBCE2E}.Debug|x86.ActiveCfg = Debug|Win32
		{A4EC741A-2F08-4DAB-A9B1-472540CBCE2E}.Debug|x86.Build.0 = Debug|Win32
		{A4EC741A-2F08-4DAB-A9B1-472540CBCE2E}.Release|ARM.ActiveCfg = Release|ARM
		{A4EC741A-2F08-4DAB-A9B1-472540CBCE2E}.Release|ARM.Build.0 = Release|ARM
		{A4EC741A-2F08-4DAB-A9B1-472540CBCE2E}.Release|x64.ActiveCfg = Release|x64
		{A4EC741A-2F08-4DAB-A9B1-472540CBCE2E}.Release|x64.Build.0 = Release|x64
		{A4EC741A-2F08-4DAB-A9B1-472540CBCE2E}.Release|x86.ActiveCfg = Release|Win32
		{A4EC741A-2F08-4DAB-A9B1-472540CBCE2E}.Release|x86.Build.0 = Release|Win32
		{BB24167F-FB53-42CB-B035-9EA7AD731F3E}.Debug|ARM.ActiveCfg = Debug|ARM
		{BB24167F-FB53-42CB-B035-9EA7AD731F3E}.Debug|ARM.Build.0 = Debug|ARM
		{BB24167F-FB53-42CB-B035-9EA7AD731F3E}.Debug|x64.ActiveCfg = Debug|x64
		{BB24167F-FB53-42CB-B035-9EA7AD731F3E}.Debug|x64.Build.0 = Debug|x64
		{BB24167F-FB53-42CB-B035-9EA7AD731F3E}.Debug|x86.ActiveCfg = Debug|Win32
		{BB24167F-FB53-42CB-B035-9EA7AD731F3E}.Debug|x86.Build.0 = Debug|Win32
		{BB24167F-FB53-42CB-B035-9EA7AD731F3E}.Release|ARM.ActiveCfg = Release|ARM
		{BB24167F-FB53-42CB-B035-9EA7AD731F3E}.Release|ARM.Build.0 = Release|ARM
		{BB24167F-FB53-42CB-B035-9EA7AD731F3E}.Release|x64.ActiveCfg = Release|x64
		{BB24167F-FB53-42CB-B035-9EA7AD731F3E}.Release|x64.Build.0 = Release|x64
		{BB24167F-FB53-42CB-B035-9EA7AD731F3E}.Release|x86.ActiveCfg = Release|Win32
		{BB24167F-FB53-42CB-B035-9EA7AD731F3E}.Release|x86.Build.0 = Release|Win32
		{ABE3BD38-2CD6-4C94-AF1C-5A29E8F77D75}.Debug|ARM.ActiveCfg = Debug|ARM
		{ABE3BD38-2CD6-4C94-AF1C-5A29E8F77D75}.Debug|ARM.Build.0 = Debug|ARM
		{ABE3BD38-2CD6-4C94-AF1C-5A29E8F77D75}.Debug|x64.ActiveCfg = Debug|x64
		{ABE3BD38-2CD6-4C94-AF1C-5A29E8F77D75}.Debug|x64.Build.0 = Debug|x64
		{ABE3BD38-2CD6-4C94-AF1C-5A29E8F77D75}.Debug|x86.ActiveCfg = Debug|Win32
		{ABE3BD38-2CD6-4C94-AF1C-5A29E8F77D75}.Debug|x86.Build.0 = Debug|Win32
		{ABE3BD38-2CD6-4C94-AF1C-5A29E8F77D75}.Release|ARM.ActiveCfg = Release|ARM
		{ABE3BD38-2CD6-4C94-AF1C-5A29E8F77D75}.Release|ARM.Build.0 = Release|ARM
		{ABE3BD38-2CD6-4C94-AF1C-5A29E8F77D75}.Release|x64.ActiveCfg = Release|x64
		{ABE3BD38-2CD6-4C94-AF1C-5A29E8F77D75}.Release|x64.Build.0 = Release|x64
		{ABE3BD38-2CD6-4C94-AF1C-5A29E8F77D75}.Release|x86.ActiveCfg = Release|Win32
		{ABE3BD38-2CD6-4C94-AF1C-5A29E8F77D75}.Release|x86.Build.0 = Release|Win32
	EndGlobalSection
	GlobalSection(SolutionProperties) = preSolution
		HideSolutionNode = FALSE
	EndGlobalSection
EndGlobal
