// !$*UTF8*$!
{
	archiveVersion = 1;
	classes = {
	};
	objectVersion = 46;
	objects = {

/* Begin PBXBuildFile section */
		D401FB6F178A37F600AE9A52 /* UIKit.framework in Frameworks */ = {isa = PBXBuildFile; fileRef = D401FB6E178A37F600AE9A52 /* UIKit.framework */; };
		D401FB71178A37F600AE9A52 /* Foundation.framework in Frameworks */ = {isa = PBXBuildFile; fileRef = D401FB70178A37F600AE9A52 /* Foundation.framework */; };
		D401FB73178A37F600AE9A52 /* CoreGraphics.framework in Frameworks */ = {isa = PBXBuildFile; fileRef = D401FB72178A37F600AE9A52 /* CoreGraphics.framework */; };
		D401FB79178A37F600AE9A52 /* InfoPlist.strings in Resources */ = {isa = PBXBuildFile; fileRef = D401FB77178A37F600AE9A52 /* InfoPlist.strings */; };
		D401FB81178A37F600AE9A52 /* Default.png in Resources */ = {isa = PBXBuildFile; fileRef = D401FB80178A37F600AE9A52 /* Default.png */; };
		D401FB83178A37F600AE9A52 /* Default@2x.png in Resources */ = {isa = PBXBuildFile; fileRef = D401FB82178A37F600AE9A52 /* Default@2x.png */; };
		D401FB97178A435600AE9A52 /* media in Resources */ = {isa = PBXBuildFile; fileRef = D401FB96178A435600AE9A52 /* media */; };
		D467DF8D1AAB02470036E5B0 /* Tutorial-Touch.cpp in Sources */ = {isa = PBXBuildFile; fileRef = D467DF8C1AAB02470036E5B0 /* Tutorial-Touch.cpp */; };
		E5E85F3CAD5D7160DC78C4E4 /* libPods-Tutorial-Touch.a in Frameworks */ = {isa = PBXBuildFile; fileRef = 3099E7DF49FCCE50A8BF0A3B /* libPods-Tutorial-Touch.a */; };
/* End PBXBuildFile section */

/* Begin PBXFileReference section */
		3099E7DF49FCCE50A8BF0A3B /* libPods-Tutorial-Touch.a */ = {isa = PBXFileReference; explicitFileType = archive.ar; includeInIndex = 0; path = "libPods-Tutorial-Touch.a"; sourceTree = BUILT_PRODUCTS_DIR; };
		85C124D9FA2C38D4DA47D48E /* Pods-Tutorial-Touch.release.xcconfig */ = {isa = PBXFileReference; includeInIndex = 1; lastKnownFileType = text.xcconfig; name = "Pods-Tutorial-Touch.release.xcconfig"; path = "Pods/Target Support Files/Pods-Tutorial-Touch/Pods-Tutorial-Touch.release.xcconfig"; sourceTree = "<group>"; };
		D401FB6B178A37F600AE9A52 /* Tutorial-Touch.app */ = {isa = PBXFileReference; explicitFileType = wrapper.application; includeInIndex = 0; path = "Tutorial-Touch.app"; sourceTree = BUILT_PRODUCTS_DIR; };
		D401FB6E178A37F600AE9A52 /* UIKit.framework */ = {isa = PBXFileReference; lastKnownFileType = wrapper.framework; name = UIKit.framework; path = System/Library/Frameworks/UIKit.framework; sourceTree = SDKROOT; };
		D401FB70178A37F600AE9A52 /* Foundation.framework */ = {isa = PBXFileReference; lastKnownFileType = wrapper.framework; name = Foundation.framework; path = System/Library/Frameworks/Foundation.framework; sourceTree = SDKROOT; };
		D401FB72178A37F600AE9A52 /* CoreGraphics.framework */ = {isa = PBXFileReference; lastKnownFileType = wrapper.framework; name = CoreGraphics.framework; path = System/Library/Frameworks/CoreGraphics.framework; sourceTree = SDKROOT; };
		D401FB76178A37F600AE9A52 /* Tutorial-Touch-Info.plist */ = {isa = PBXFileReference; lastKnownFileType = text.plist.xml; path = "Tutorial-Touch-Info.plist"; sourceTree = "<group>"; };
		D401FB78178A37F600AE9A52 /* en */ = {isa = PBXFileReference; lastKnownFileType = text.plist.strings; name = en; path = en.lproj/InfoPlist.strings; sourceTree = "<group>"; };
		D401FB7C178A37F600AE9A52 /* Tutorial-Touch-Prefix.pch */ = {isa = PBXFileReference; lastKnownFileType = sourcecode.c.h; path = "Tutorial-Touch-Prefix.pch"; sourceTree = "<group>"; };
		D401FB80178A37F600AE9A52 /* Default.png */ = {isa = PBXFileReference; lastKnownFileType = image.png; path = Default.png; sourceTree = "<group>"; };
		D401FB82178A37F600AE9A52 /* Default@2x.png */ = {isa = PBXFileReference; lastKnownFileType = image.png; path = "Default@2x.png"; sourceTree = "<group>"; };
		D401FB96178A435600AE9A52 /* media */ = {isa = PBXFileReference; lastKnownFileType = folder; name = media; path = ../../media; sourceTree = "<group>"; };
		D467DF8C1AAB02470036E5B0 /* Tutorial-Touch.cpp */ = {isa = PBXFileReference; fileEncoding = 4; lastKnownFileType = sourcecode.cpp.cpp; path = "Tutorial-Touch.cpp"; sourceTree = SOURCE_ROOT; };
		E48BF2BC4D82E7D321E91391 /* Pods-Tutorial-Touch.debug.xcconfig */ = {isa = PBXFileReference; includeInIndex = 1; lastKnownFileType = text.xcconfig; name = "Pods-Tutorial-Touch.debug.xcconfig"; path = "Pods/Target Support Files/Pods-Tutorial-Touch/Pods-Tutorial-Touch.debug.xcconfig"; sourceTree = "<group>"; };
/* End PBXFileReference section */

/* Begin PBXFrameworksBuildPhase section */
		D401FB68178A37F600AE9A52 /* Frameworks */ = {
			isa = PBXFrameworksBuildPhase;
			buildActionMask = 2147483647;
			files = (
				D401FB6F178A37F600AE9A52 /* UIKit.framework in Frameworks */,
				D401FB71178A37F600AE9A52 /* Foundation.framework in Frameworks */,
				D401FB73178A37F600AE9A52 /* CoreGraphics.framework in Frameworks */,
				E5E85F3CAD5D7160DC78C4E4 /* libPods-Tutorial-Touch.a in Frameworks */,
			);
			runOnlyForDeploymentPostprocessing = 0;
		};
/* End PBXFrameworksBuildPhase section */

/* Begin PBXGroup section */
		D2536F9F446A072F23B2A569 /* Pods */ = {
			isa = PBXGroup;
			children = (
				E48BF2BC4D82E7D321E91391 /* Pods-Tutorial-Touch.debug.xcconfig */,
				85C124D9FA2C38D4DA47D48E /* Pods-Tutorial-Touch.release.xcconfig */,
			);
			name = Pods;
			sourceTree = "<group>";
		};
		D401FB62178A37F600AE9A52 = {
			isa = PBXGroup;
			children = (
				D401FB74178A37F600AE9A52 /* Tutorial-Touch */,
				D401FB6D178A37F600AE9A52 /* Frameworks */,
				D401FB6C178A37F600AE9A52 /* Products */,
				D2536F9F446A072F23B2A569 /* Pods */,
			);
			sourceTree = "<group>";
		};
		D401FB6C178A37F600AE9A52 /* Products */ = {
			isa = PBXGroup;
			children = (
				D401FB6B178A37F600AE9A52 /* Tutorial-Touch.app */,
			);
			name = Products;
			sourceTree = "<group>";
		};
		D401FB6D178A37F600AE9A52 /* Frameworks */ = {
			isa = PBXGroup;
			children = (
				D401FB6E178A37F600AE9A52 /* UIKit.framework */,
				D401FB70178A37F600AE9A52 /* Foundation.framework */,
				D401FB72178A37F600AE9A52 /* CoreGraphics.framework */,
				3099E7DF49FCCE50A8BF0A3B /* libPods-Tutorial-Touch.a */,
			);
			name = Frameworks;
			sourceTree = "<group>";
		};
		D401FB74178A37F600AE9A52 /* Tutorial-Touch */ = {
			isa = PBXGroup;
			children = (
				D467DF8C1AAB02470036E5B0 /* Tutorial-Touch.cpp */,
				D401FB96178A435600AE9A52 /* media */,
				D401FB75178A37F600AE9A52 /* Supporting Files */,
			);
			path = "Tutorial-Touch";
			sourceTree = "<group>";
		};
		D401FB75178A37F600AE9A52 /* Supporting Files */ = {
			isa = PBXGroup;
			children = (
				D401FB76178A37F600AE9A52 /* Tutorial-Touch-Info.plist */,
				D401FB77178A37F600AE9A52 /* InfoPlist.strings */,
				D401FB7C178A37F600AE9A52 /* Tutorial-Touch-Prefix.pch */,
				D401FB80178A37F600AE9A52 /* Default.png */,
				D401FB82178A37F600AE9A52 /* Default@2x.png */,
			);
			name = "Supporting Files";
			sourceTree = "<group>";
		};
/* End PBXGroup section */

/* Begin PBXNativeTarget section */
		D401FB6A178A37F600AE9A52 /* Tutorial-Touch */ = {
			isa = PBXNativeTarget;
			buildConfigurationList = D401FB88178A37F600AE9A52 /* Build configuration list for PBXNativeTarget "Tutorial-Touch" */;
			buildPhases = (
				0D68966DB3F34CCF32861521 /* [CP] Check Pods Manifest.lock */,
				D401FB67178A37F600AE9A52 /* Sources */,
				D401FB68178A37F600AE9A52 /* Frameworks */,
				D401FB69178A37F600AE9A52 /* Resources */,
				3C1F8A7ACE75D3E466E08C90 /* [CP] Embed Pods Frameworks */,
				29F36A45846F77E69E343A38 /* [CP] Copy Pods Resources */,
			);
			buildRules = (
			);
			dependencies = (
			);
			name = "Tutorial-Touch";
			productName = "Tutorial-Touch";
			productReference = D401FB6B178A37F600AE9A52 /* Tutorial-Touch.app */;
			productType = "com.apple.product-type.application";
		};
/* End PBXNativeTarget section */

/* Begin PBXProject section */
		D401FB63178A37F600AE9A52 /* Project object */ = {
			isa = PBXProject;
			attributes = {
				LastUpgradeCheck = 0460;
				ORGANIZATIONNAME = "Julian Raschke";
			};
			buildConfigurationList = D401FB66178A37F600AE9A52 /* Build configuration list for PBXProject "Tutorial-Touch" */;
			compatibilityVersion = "Xcode 3.2";
			developmentRegion = English;
			hasScannedForEncodings = 0;
			knownRegions = (
				en,
			);
			mainGroup = D401FB62178A37F600AE9A52;
			productRefGroup = D401FB6C178A37F600AE9A52 /* Products */;
			projectDirPath = "";
			projectRoot = "";
			targets = (
				D401FB6A178A37F600AE9A52 /* Tutorial-Touch */,
			);
		};
/* End PBXProject section */

/* Begin PBXResourcesBuildPhase section */
		D401FB69178A37F600AE9A52 /* Resources */ = {
			isa = PBXResourcesBuildPhase;
			buildActionMask = 2147483647;
			files = (
				D401FB79178A37F600AE9A52 /* InfoPlist.strings in Resources */,
				D401FB81178A37F600AE9A52 /* Default.png in Resources */,
				D401FB83178A37F600AE9A52 /* Default@2x.png in Resources */,
				D401FB97178A435600AE9A52 /* media in Resources */,
			);
			runOnlyForDeploymentPostprocessing = 0;
		};
/* End PBXResourcesBuildPhase section */

/* Begin PBXShellScriptBuildPhase section */
		0D68966DB3F34CCF32861521 /* [CP] Check Pods Manifest.lock */ = {
			isa = PBXShellScriptBuildPhase;
			buildActionMask = 2147483647;
			files = (
			);
			inputPaths = (
			);
			name = "[CP] Check Pods Manifest.lock";
			outputPaths = (
			);
			runOnlyForDeploymentPostprocessing = 0;
			shellPath = /bin/sh;
			shellScript = "diff \"${PODS_ROOT}/../Podfile.lock\" \"${PODS_ROOT}/Manifest.lock\" > /dev/null\nif [[ $? != 0 ]] ; then\n    cat << EOM\nerror: The sandbox is not in sync with the Podfile.lock. Run 'pod install' or update your CocoaPods installation.\nEOM\n    exit 1\nfi\n";
			showEnvVarsInLog = 0;
		};
		29F36A45846F77E69E343A38 /* [CP] Copy Pods Resources */ = {
			isa = PBXShellScriptBuildPhase;
			buildActionMask = 2147483647;
			files = (
			);
			inputPaths = (
			);
			name = "[CP] Copy Pods Resources";
			outputPaths = (
			);
			runOnlyForDeploymentPostprocessing = 0;
			shellPath = /bin/sh;
			shellScript = "\"${SRCROOT}/Pods/Target Support Files/Pods-Tutorial-Touch/Pods-Tutorial-Touch-resources.sh\"\n";
			showEnvVarsInLog = 0;
		};
		3C1F8A7ACE75D3E466E08C90 /* [CP] Embed Pods Frameworks */ = {
			isa = PBXShellScriptBuildPhase;
			buildActionMask = 2147483647;
			files = (
			);
			inputPaths = (
			);
			name = "[CP] Embed Pods Frameworks";
			outputPaths = (
			);
			runOnlyForDeploymentPostprocessing = 0;
			shellPath = /bin/sh;
			shellScript = "\"${SRCROOT}/Pods/Target Support Files/Pods-Tutorial-Touch/Pods-Tutorial-Touch-frameworks.sh\"\n";
			showEnvVarsInLog = 0;
		};
/* End PBXShellScriptBuildPhase section */

/* Begin PBXSourcesBuildPhase section */
		D401FB67178A37F600AE9A52 /* Sources */ = {
			isa = PBXSourcesBuildPhase;
			buildActionMask = 2147483647;
			files = (
				D467DF8D1AAB02470036E5B0 /* Tutorial-Touch.cpp in Sources */,
			);
			runOnlyForDeploymentPostprocessing = 0;
		};
/* End PBXSourcesBuildPhase section */

/* Begin PBXVariantGroup section */
		D401FB77178A37F600AE9A52 /* InfoPlist.strings */ = {
			isa = PBXVariantGroup;
			children = (
				D401FB78178A37F600AE9A52 /* en */,
			);
			name = InfoPlist.strings;
			sourceTree = "<group>";
		};
/* End PBXVariantGroup section */

/* Begin XCBuildConfiguration section */
		D401FB86178A37F600AE9A52 /* Debug */ = {
			isa = XCBuildConfiguration;
			buildSettings = {
				ALWAYS_SEARCH_USER_PATHS = NO;
				CLANG_CXX_LANGUAGE_STANDARD = "gnu++0x";
				CLANG_CXX_LIBRARY = "libc++";
				CLANG_WARN_CONSTANT_CONVERSION = YES;
				CLANG_WARN_EMPTY_BODY = YES;
				CLANG_WARN_ENUM_CONVERSION = YES;
				CLANG_WARN_INT_CONVERSION = YES;
				CLANG_WARN__DUPLICATE_METHOD_MATCH = YES;
				COPY_PHASE_STRIP = NO;
				ENABLE_BITCODE = NO;
				GCC_C_LANGUAGE_STANDARD = gnu99;
				GCC_OPTIMIZATION_LEVEL = 0;
				GCC_PREPROCESSOR_DEFINITIONS = (
					"DEBUG=1",
					"$(inherited)",
				);
				GCC_SYMBOLS_PRIVATE_EXTERN = NO;
				GCC_WARN_ABOUT_RETURN_TYPE = YES;
				GCC_WARN_UNINITIALIZED_AUTOS = YES;
				GCC_WARN_UNUSED_VARIABLE = YES;
				ONLY_ACTIVE_ARCH = YES;
				SDKROOT = iphoneos;
				TARGETED_DEVICE_FAMILY = 2;
			};
			name = Debug;
		};
		D401FB87178A37F600AE9A52 /* Release */ = {
			isa = XCBuildConfiguration;
			buildSettings = {
				ALWAYS_SEARCH_USER_PATHS = NO;
				CLANG_CXX_LANGUAGE_STANDARD = "gnu++0x";
				CLANG_CXX_LIBRARY = "libc++";
				CLANG_WARN_CONSTANT_CONVERSION = YES;
				CLANG_WARN_EMPTY_BODY = YES;
				CLANG_WARN_ENUM_CONVERSION = YES;
				CLANG_WARN_INT_CONVERSION = YES;
				CLANG_WARN__DUPLICATE_METHOD_MATCH = YES;
				COPY_PHASE_STRIP = YES;
				ENABLE_BITCODE = NO;
				GCC_C_LANGUAGE_STANDARD = gnu99;
				GCC_WARN_ABOUT_RETURN_TYPE = YES;
				GCC_WARN_UNINITIALIZED_AUTOS = YES;
				GCC_WARN_UNUSED_VARIABLE = YES;
				OTHER_CFLAGS = "-DNS_BLOCK_ASSERTIONS=1";
				SDKROOT = iphoneos;
				TARGETED_DEVICE_FAMILY = 2;
				VALIDATE_PRODUCT = YES;
			};
			name = Release;
		};
		D401FB89178A37F600AE9A52 /* Debug */ = {
			isa = XCBuildConfiguration;
			baseConfigurationReference = E48BF2BC4D82E7D321E91391 /* Pods-Tutorial-Touch.debug.xcconfig */;
			buildSettings = {
				CODE_SIGN_IDENTITY = "iPhone Developer";
				GCC_PRECOMPILE_PREFIX_HEADER = YES;
				GCC_PREFIX_HEADER = "Tutorial-Touch/Tutorial-Touch-Prefix.pch";
				INFOPLIST_FILE = "Tutorial-Touch/Tutorial-Touch-Info.plist";
				IPHONEOS_DEPLOYMENT_TARGET = 5.1.1;
				PRODUCT_NAME = "$(TARGET_NAME)";
				WRAPPER_EXTENSION = app;
			};
			name = Debug;
		};
		D401FB8A178A37F600AE9A52 /* Release */ = {
			isa = XCBuildConfiguration;
			baseConfigurationReference = 85C124D9FA2C38D4DA47D48E /* Pods-Tutorial-Touch.release.xcconfig */;
			buildSettings = {
				CODE_SIGN_IDENTITY = "iPhone Distribution";
				GCC_PRECOMPILE_PREFIX_HEADER = YES;
				GCC_PREFIX_HEADER = "Tutorial-Touch/Tutorial-Touch-Prefix.pch";
				INFOPLIST_FILE = "Tutorial-Touch/Tutorial-Touch-Info.plist";
				IPHONEOS_DEPLOYMENT_TARGET = 5.1.1;
				PRODUCT_NAME = "$(TARGET_NAME)";
				WRAPPER_EXTENSION = app;
			};
			name = Release;
		};
/* End XCBuildConfiguration section */

/* Begin XCConfigurationList section */
		D401FB66178A37F600AE9A52 /* Build configuration list for PBXProject "Tutorial-Touch" */ = {
			isa = XCConfigurationList;
			buildConfigurations = (
				D401FB86178A37F600AE9A52 /* Debug */,
				D401FB87178A37F600AE9A52 /* Release */,
			);
			defaultConfigurationIsVisible = 0;
			defaultConfigurationName = Release;
		};
		D401FB88178A37F600AE9A52 /* Build configuration list for PBXNativeTarget "Tutorial-Touch" */ = {
			isa = XCConfigurationList;
			buildConfigurations = (
				D401FB89178A37F600AE9A52 /* Debug */,
				D401FB8A178A37F600AE9A52 /* Release */,
			);
			defaultConfigurationIsVisible = 0;
			defaultConfigurationName = Release;
		};
/* End XCConfigurationList section */
	};
	rootObject = D401FB63178A37F600AE9A52 /* Project object */;
}
